
Microsoft Visual Studio Solution File, Format Version 12.00
# Visual Studio Version 17
VisualStudioVersion = 17.7.34024.191
MinimumVisualStudioVersion = 10.0.40219.1
Project("{9A19103F-16F7-4668-BE54-9A1E7A4F7556}") = "Disaheim", "Disaheim\Disaheim.csproj", "{B56BBD29-923E-4751-A55D-31F957EEF923}"
EndProject
Project("{9A19103F-16F7-4668-BE54-9A1E7A4F7556}") = "DisaheimTest", "DisaheimTest\DisaheimTest.csproj", "{50E2060D-7EE1-4DCA-B7BC-FA06FF900479}"
EndProject
Global
	GlobalSection(SolutionConfigurationPlatforms) = preSolution
		Debug|Any CPU = Debug|Any CPU
		Release|Any CPU = Release|Any CPU
	EndGlobalSection
	GlobalSection(ProjectConfigurationPlatforms) = postSolution
		{B56BBD29-923E-4751-A55D-31F957EEF923}.Debug|Any CPU.ActiveCfg = Debug|Any CPU
		{B56BBD29-923E-4751-A55D-31F957EEF923}.Debug|Any CPU.Build.0 = Debug|Any CPU
		{B56BBD29-923E-4751-A55D-31F957EEF923}.Release|Any CPU.ActiveCfg = Release|Any CPU
		{B56BBD29-923E-4751-A55D-31F957EEF923}.Release|Any CPU.Build.0 = Release|Any CPU
		{50E2060D-7EE1-4DCA-B7BC-FA06FF900479}.Debug|Any CPU.ActiveCfg = Debug|Any CPU
		{50E2060D-7EE1-4DCA-B7BC-FA06FF900479}.Debug|Any CPU.Build.0 = Debug|Any CPU
		{50E2060D-7EE1-4DCA-B7BC-FA06FF900479}.Release|Any CPU.ActiveCfg = Release|Any CPU
		{50E2060D-7EE1-4DCA-B7BC-FA06FF900479}.Release|Any CPU.Build.0 = Release|Any CPU
	EndGlobalSection
	GlobalSection(SolutionProperties) = preSolution
		HideSolutionNode = FALSE
	EndGlobalSection
	GlobalSection(ExtensibilityGlobals) = postSolution
		SolutionGuid = {81D9C6E7-BBCF-45E0-9600-3CFC262990B9}
	EndGlobalSection
EndGlobal
